
Microsoft Visual Studio Solution File, Format Version 12.00
# Visual Studio Version 16
VisualStudioVersion = 16.0.31624.102
MinimumVisualStudioVersion = 10.0.40219.1
Project("{FAE04EC0-301F-11D3-BF4B-00C04F79EFBC}") = "momentum!.Android", "momentum!.Android\momentum!.Android.csproj", "{C5977BA0-A443-44C4-9D26-8DCF33760055}"
EndProject
Project("{FAE04EC0-301F-11D3-BF4B-00C04F79EFBC}") = "momentum!.iOS", "momentum!.iOS\momentum!.iOS.csproj", "{4ECD2B18-9D69-4D65-B942-70F68E73C8AC}"
EndProject
Project("{FAE04EC0-301F-11D3-BF4B-00C04F79EFBC}") = "momentum!", "momentum!\momentum!.csproj", "{631C10F7-8B5E-480E-A857-96FB33F5CC04}"
EndProject
Global
	GlobalSection(SolutionConfigurationPlatforms) = preSolution
		Debug|Any CPU = Debug|Any CPU
		Debug|iPhone = Debug|iPhone
		Debug|iPhoneSimulator = Debug|iPhoneSimulator
		Release|Any CPU = Release|Any CPU
		Release|iPhone = Release|iPhone
		Release|iPhoneSimulator = Release|iPhoneSimulator
	EndGlobalSection
	GlobalSection(ProjectConfigurationPlatforms) = postSolution
		{C5977BA0-A443-44C4-9D26-8DCF33760055}.Debug|Any CPU.ActiveCfg = Debug|Any CPU
		{C5977BA0-A443-44C4-9D26-8DCF33760055}.Debug|Any CPU.Build.0 = Debug|Any CPU
		{C5977BA0-A443-44C4-9D26-8DCF33760055}.Debug|Any CPU.Deploy.0 = Debug|Any CPU
		{C5977BA0-A443-44C4-9D26-8DCF33760055}.Debug|iPhone.ActiveCfg = Debug|Any CPU
		{C5977BA0-A443-44C4-9D26-8DCF33760055}.Debug|iPhone.Build.0 = Debug|Any CPU
		{C5977BA0-A443-44C4-9D26-8DCF33760055}.Debug|iPhone.Deploy.0 = Debug|Any CPU
		{C5977BA0-A443-44C4-9D26-8DCF33760055}.Debug|iPhoneSimulator.ActiveCfg = Debug|Any CPU
		{C5977BA0-A443-44C4-9D26-8DCF33760055}.Debug|iPhoneSimulator.Build.0 = Debug|Any CPU
		{C5977BA0-A443-44C4-9D26-8DCF33760055}.Debug|iPhoneSimulator.Deploy.0 = Debug|Any CPU
		{C5977BA0-A443-44C4-9D26-8DCF33760055}.Release|Any CPU.ActiveCfg = Release|Any CPU
		{C5977BA0-A443-44C4-9D26-8DCF33760055}.Release|Any CPU.Build.0 = Release|Any CPU
		{C5977BA0-A443-44C4-9D26-8DCF33760055}.Release|Any CPU.Deploy.0 = Release|Any CPU
		{C5977BA0-A443-44C4-9D26-8DCF33760055}.Release|iPhone.ActiveCfg = Release|Any CPU
		{C5977BA0-A443-44C4-9D26-8DCF33760055}.Release|iPhone.Build.0 = Release|Any CPU
		{C5977BA0-A443-44C4-9D26-8DCF33760055}.Release|iPhone.Deploy.0 = Release|Any CPU
		{C5977BA0-A443-44C4-9D26-8DCF33760055}.Release|iPhoneSimulator.ActiveCfg = Release|Any CPU
		{C5977BA0-A443-44C4-9D26-8DCF33760055}.Release|iPhoneSimulator.Build.0 = Release|Any CPU
		{C5977BA0-A443-44C4-9D26-8DCF33760055}.Release|iPhoneSimulator.Deploy.0 = Release|Any CPU
		{4ECD2B18-9D69-4D65-B942-70F68E73C8AC}.Debug|Any CPU.ActiveCfg = Debug|iPhone
		{4ECD2B18-9D69-4D65-B942-70F68E73C8AC}.Debug|Any CPU.Build.0 = Debug|iPhone
		{4ECD2B18-9D69-4D65-B942-70F68E73C8AC}.Debug|Any CPU.Deploy.0 = Debug|iPhone
		{4ECD2B18-9D69-4D65-B942-70F68E73C8AC}.Debug|iPhone.ActiveCfg = Debug|iPhone
		{4ECD2B18-9D69-4D65-B942-70F68E73C8AC}.Debug|iPhone.Build.0 = Debug|iPhone
		{4ECD2B18-9D69-4D65-B942-70F68E73C8AC}.Debug|iPhone.Deploy.0 = Debug|iPhone
		{4ECD2B18-9D69-4D65-B942-70F68E73C8AC}.Debug|iPhoneSimulator.ActiveCfg = Debug|iPhoneSimulator
		{4ECD2B18-9D69-4D65-B942-70F68E73C8AC}.Debug|iPhoneSimulator.Build.0 = Debug|iPhoneSimulator
		{4ECD2B18-9D69-4D65-B942-70F68E73C8AC}.Debug|iPhoneSimulator.Deploy.0 = Debug|iPhoneSimulator
		{4ECD2B18-9D69-4D65-B942-70F68E73C8AC}.Release|Any CPU.ActiveCfg = Release|iPhoneSimulator
		{4ECD2B18-9D69-4D65-B942-70F68E73C8AC}.Release|Any CPU.Build.0 = Release|iPhoneSimulator
		{4ECD2B18-9D69-4D65-B942-70F68E73C8AC}.Release|Any CPU.Deploy.0 = Release|iPhoneSimulator
		{4ECD2B18-9D69-4D65-B942-70F68E73C8AC}.Release|iPhone.ActiveCfg = Release|iPhone
		{4ECD2B18-9D69-4D65-B942-70F68E73C8AC}.Release|iPhone.Build.0 = Release|iPhone
		{4ECD2B18-9D69-4D65-B942-70F68E73C8AC}.Release|iPhone.Deploy.0 = Release|iPhone
		{4ECD2B18-9D69-4D65-B942-70F68E73C8AC}.Release|iPhoneSimulator.ActiveCfg = Release|iPhoneSimulator
		{4ECD2B18-9D69-4D65-B942-70F68E73C8AC}.Release|iPhoneSimulator.Build.0 = Release|iPhoneSimulator
		{4ECD2B18-9D69-4D65-B942-70F68E73C8AC}.Release|iPhoneSimulator.Deploy.0 = Release|iPhoneSimulator
		{631C10F7-8B5E-480E-A857-96FB33F5CC04}.Debug|Any CPU.ActiveCfg = Debug|Any CPU
		{631C10F7-8B5E-480E-A857-96FB33F5CC04}.Debug|Any CPU.Build.0 = Debug|Any CPU
		{631C10F7-8B5E-480E-A857-96FB33F5CC04}.Debug|Any CPU.Deploy.0 = Debug|Any CPU
		{631C10F7-8B5E-480E-A857-96FB33F5CC04}.Debug|iPhone.ActiveCfg = Debug|Any CPU
		{631C10F7-8B5E-480E-A857-96FB33F5CC04}.Debug|iPhone.Build.0 = Debug|Any CPU
		{631C10F7-8B5E-480E-A857-96FB33F5CC04}.Debug|iPhone.Deploy.0 = Debug|Any CPU
		{631C10F7-8B5E-480E-A857-96FB33F5CC04}.Debug|iPhoneSimulator.ActiveCfg = Debug|Any CPU
		{631C10F7-8B5E-480E-A857-96FB33F5CC04}.Debug|iPhoneSimulator.Build.0 = Debug|Any CPU
		{631C10F7-8B5E-480E-A857-96FB33F5CC04}.Debug|iPhoneSimulator.Deploy.0 = Debug|Any CPU
		{631C10F7-8B5E-480E-A857-96FB33F5CC04}.Release|Any CPU.ActiveCfg = Release|Any CPU
		{631C10F7-8B5E-480E-A857-96FB33F5CC04}.Release|Any CPU.Build.0 = Release|Any CPU
		{631C10F7-8B5E-480E-A857-96FB33F5CC04}.Release|Any CPU.Deploy.0 = Release|Any CPU
		{631C10F7-8B5E-480E-A857-96FB33F5CC04}.Release|iPhone.ActiveCfg = Release|Any CPU
		{631C10F7-8B5E-480E-A857-96FB33F5CC04}.Release|iPhone.Build.0 = Release|Any CPU
		{631C10F7-8B5E-480E-A857-96FB33F5CC04}.Release|iPhone.Deploy.0 = Release|Any CPU
		{631C10F7-8B5E-480E-A857-96FB33F5CC04}.Release|iPhoneSimulator.ActiveCfg = Release|Any CPU
		{631C10F7-8B5E-480E-A857-96FB33F5CC04}.Release|iPhoneSimulator.Build.0 = Release|Any CPU
		{631C10F7-8B5E-480E-A857-96FB33F5CC04}.Release|iPhoneSimulator.Deploy.0 = Release|Any CPU
	EndGlobalSection
	GlobalSection(SolutionProperties) = preSolution
		HideSolutionNode = FALSE
	EndGlobalSection
	GlobalSection(ExtensibilityGlobals) = postSolution
		SolutionGuid = {FA91883B-4E9A-4392-8C39-736D2D983137}
	EndGlobalSection
EndGlobal
